
Microsoft Visual Studio Solution File, Format Version 12.00
# Visual Studio 15
VisualStudioVersion = 15.0.28010.2050
MinimumVisualStudioVersion = 10.0.40219.1
Project("{8BC9CEB8-8B4A-11D0-8D11-00A0C91BC942}") = "Sandbox", "Sandbox\Sandbox.vcxproj", "{E122609F-366D-4A79-B470-CEA71779C1A1}"
EndProject
Project("{8BC9CEB8-8B4A-11D0-8D11-00A0C91BC942}") = "Pyro", "Pyro\Pyro.vcxproj", "{EB205CD4-44A7-4D68-B0D7-27BEF967852F}"
EndProject
Global
	GlobalSection(SolutionConfigurationPlatforms) = preSolution
		Debug|x64 = Debug|x64
		Release|x64 = Release|x64
	EndGlobalSection
	GlobalSection(ProjectConfigurationPlatforms) = postSolution
		{E122609F-366D-4A79-B470-CEA71779C1A1}.Debug|x64.ActiveCfg = Debug|x64
		{E122609F-366D-4A79-B470-CEA71779C1A1}.Debug|x64.Build.0 = Debug|x64
		{E122609F-366D-4A79-B470-CEA71779C1A1}.Release|x64.ActiveCfg = Release|x64
		{E122609F-366D-4A79-B470-CEA71779C1A1}.Release|x64.Build.0 = Release|x64
		{EB205CD4-44A7-4D68-B0D7-27BEF967852F}.Debug|x64.ActiveCfg = Debug|x64
		{EB205CD4-44A7-4D68-B0D7-27BEF967852F}.Debug|x64.Build.0 = Debug|x64
		{EB205CD4-44A7-4D68-B0D7-27BEF967852F}.Release|x64.ActiveCfg = Release|x64
		{EB205CD4-44A7-4D68-B0D7-27BEF967852F}.Release|x64.Build.0 = Release|x64
	EndGlobalSection
	GlobalSection(SolutionProperties) = preSolution
		HideSolutionNode = FALSE
	EndGlobalSection
	GlobalSection(ExtensibilityGlobals) = postSolution
		SolutionGuid = {C0368F1F-A38D-4344-AE49-69BC9E9CD7E6}
	EndGlobalSection
EndGlobal
