<?xml version="1.0" encoding="utf-8"?>
<Project ToolsVersion="4.0" xmlns="http://schemas.microsoft.com/developer/msbuild/2003">
  <ItemGroup>
    <Filter Include="pyro">
      <UniqueIdentifier>{CF8B9C7C-BBC2-9D0D-64AF-831050C5190F}</UniqueIdentifier>
    </Filter>
    <Filter Include="pyro\events">
      <UniqueIdentifier>{F30C0893-5FC2-8088-E8B6-7A5F546B778C}</UniqueIdentifier>
    </Filter>
    <Filter Include="pyro\platform">
      <UniqueIdentifier>{231D5D91-8FDD-D8C7-5818-2245C4971DA4}</UniqueIdentifier>
    </Filter>
    <Filter Include="pyro\platform\windows">
      <UniqueIdentifier>{7DD282C9-E93E-3EC4-B232-D6211E5E602C}</UniqueIdentifier>
    </Filter>
  </ItemGroup>
  <ItemGroup>
    <ClInclude Include="src\pyro.h" />
    <ClInclude Include="src\pyro\application.h">
      <Filter>pyro</Filter>
    </ClInclude>
    <ClInclude Include="src\pyro\core.h">
      <Filter>pyro</Filter>
    </ClInclude>
    <ClInclude Include="src\pyro\entry_point.h">
      <Filter>pyro</Filter>
    </ClInclude>
    <ClInclude Include="src\pyro\events\application_event.h">
      <Filter>pyro\events</Filter>
    </ClInclude>
    <ClInclude Include="src\pyro\events\event.h">
      <Filter>pyro\events</Filter>
    </ClInclude>
    <ClInclude Include="src\pyro\events\key_event.h">
      <Filter>pyro\events</Filter>
    </ClInclude>
    <ClInclude Include="src\pyro\events\mouse_event.h">
      <Filter>pyro\events</Filter>
    </ClInclude>
    <ClInclude Include="src\pyro\logger.h">
      <Filter>pyro</Filter>
    </ClInclude>
    <ClInclude Include="src\pyro\platform\windows\win_window.h">
      <Filter>pyro\platform\windows</Filter>
    </ClInclude>
    <ClInclude Include="src\pyro\window.h">
      <Filter>pyro</Filter>
    </ClInclude>
    <ClInclude Include="src\pyro_pch.h" />
    <ClInclude Include="src\pyro\layer.h" />
  </ItemGroup>
  <ItemGroup>
    <ClCompile Include="src\pyro\application.cpp">
      <Filter>pyro</Filter>
    </ClCompile>
    <ClCompile Include="src\pyro\logger.cpp">
      <Filter>pyro</Filter>
    </ClCompile>
    <ClCompile Include="src\pyro\platform\windows\win_window.cpp">
      <Filter>pyro\platform\windows</Filter>
    </ClCompile>
    <ClCompile Include="src\pyro_pch.cpp" />
    <ClCompile Include="src\pyro\layer.cpp" />
  </ItemGroup>
</Project>