<?xml version="1.0" encoding="utf-8"?>
<Project ToolsVersion="4.0" xmlns="http://schemas.microsoft.com/developer/msbuild/2003">
  <ItemGroup>
    <Filter Include="pyro">
      <UniqueIdentifier>{CF8B9C7C-BBC2-9D0D-64AF-831050C5190F}</UniqueIdentifier>
    </Filter>
  </ItemGroup>
  <ItemGroup>
    <ClInclude Include="src\pyro.h" />
    <ClInclude Include="src\pyro\application.h">
      <Filter>pyro</Filter>
    </ClInclude>
    <ClInclude Include="src\pyro\core.h">
      <Filter>pyro</Filter>
    </ClInclude>
    <ClInclude Include="src\pyro\entry_point.h">
      <Filter>pyro</Filter>
    </ClInclude>
    <ClInclude Include="src\pyro\logger.h">
      <Filter>pyro</Filter>
    </ClInclude>
    <ClInclude Include="src\pyro\events\event.h" />
    <ClInclude Include="src\pyro\events\key_event.h" />
    <ClInclude Include="src\pyro\events\mouse_event.h" />
    <ClInclude Include="src\pyro\events\application_event.h" />
    <ClInclude Include="src\pyro_pch.h" />
  </ItemGroup>
  <ItemGroup>
    <ClCompile Include="src\pyro\application.cpp">
      <Filter>pyro</Filter>
    </ClCompile>
    <ClCompile Include="src\pyro\logger.cpp">
      <Filter>pyro</Filter>
    </ClCompile>
    <ClCompile Include="src\pyro_pch.cpp" />
  </ItemGroup>
</Project>