<?xml version="1.0" encoding="utf-8"?>
<Project ToolsVersion="4.0" xmlns="http://schemas.microsoft.com/developer/msbuild/2003">
  <ItemGroup>
    <Filter Include="platform">
      <UniqueIdentifier>{4A63C33C-3630-1E48-5F49-0CF04B7553D6}</UniqueIdentifier>
    </Filter>
    <Filter Include="platform\windows">
      <UniqueIdentifier>{A44FC440-9048-E392-B97A-C817A5D2C29E}</UniqueIdentifier>
    </Filter>
    <Filter Include="pyro">
      <UniqueIdentifier>{CF8B9C7C-BBC2-9D0D-64AF-831050C5190F}</UniqueIdentifier>
    </Filter>
    <Filter Include="pyro\events">
      <UniqueIdentifier>{F30C0893-5FC2-8088-E8B6-7A5F546B778C}</UniqueIdentifier>
    </Filter>
    <Filter Include="pyro\imgui">
      <UniqueIdentifier>{79F83B14-65B0-7D61-CEB7-56BDBA8E1852}</UniqueIdentifier>
    </Filter>
  </ItemGroup>
  <ItemGroup>
    <ClInclude Include="src\platform\windows\win_window.h">
      <Filter>platform\windows</Filter>
    </ClInclude>
    <ClInclude Include="src\pyro.h" />
    <ClInclude Include="src\pyro\application.h">
      <Filter>pyro</Filter>
    </ClInclude>
    <ClInclude Include="src\pyro\core.h">
      <Filter>pyro</Filter>
    </ClInclude>
    <ClInclude Include="src\pyro\entry_point.h">
      <Filter>pyro</Filter>
    </ClInclude>
    <ClInclude Include="src\pyro\events\application_event.h">
      <Filter>pyro\events</Filter>
    </ClInclude>
    <ClInclude Include="src\pyro\events\event.h">
      <Filter>pyro\events</Filter>
    </ClInclude>
    <ClInclude Include="src\pyro\events\key_event.h">
      <Filter>pyro\events</Filter>
    </ClInclude>
    <ClInclude Include="src\pyro\events\mouse_event.h">
      <Filter>pyro\events</Filter>
    </ClInclude>
    <ClInclude Include="src\pyro\imgui\imgui_layer.h">
      <Filter>pyro\imgui</Filter>
    </ClInclude>
    <ClInclude Include="src\pyro\layer.h">
      <Filter>pyro</Filter>
    </ClInclude>
    <ClInclude Include="src\pyro\layers_stack.h">
      <Filter>pyro</Filter>
    </ClInclude>
    <ClInclude Include="src\pyro\logger.h">
      <Filter>pyro</Filter>
    </ClInclude>
    <ClInclude Include="src\pyro\window.h">
      <Filter>pyro</Filter>
    </ClInclude>
    <ClInclude Include="src\pyro_pch.h" />
    <ClInclude Include="src\platform\opengl\imgui_opengl_renderer.h" />
  </ItemGroup>
  <ItemGroup>
    <ClCompile Include="src\platform\windows\win_window.cpp">
      <Filter>platform\windows</Filter>
    </ClCompile>
    <ClCompile Include="src\pyro\application.cpp">
      <Filter>pyro</Filter>
    </ClCompile>
    <ClCompile Include="src\pyro\imgui\imgui_layer.cpp">
      <Filter>pyro\imgui</Filter>
    </ClCompile>
    <ClCompile Include="src\pyro\layer.cpp">
      <Filter>pyro</Filter>
    </ClCompile>
    <ClCompile Include="src\pyro\layers_stack.cpp">
      <Filter>pyro</Filter>
    </ClCompile>
    <ClCompile Include="src\pyro\logger.cpp">
      <Filter>pyro</Filter>
    </ClCompile>
    <ClCompile Include="src\pyro_pch.cpp" />
    <ClCompile Include="src\platform\opengl\imgui_opengl_renderer.cpp" />
  </ItemGroup>
</Project>